
Microsoft Visual Studio Solution File, Format Version 12.00
# Visual Studio Version 17
VisualStudioVersion = 17.0.31903.59
MinimumVisualStudioVersion = 10.0.40219.1
Project("{FAE04EC0-301F-11D3-BF4B-00C04F79EFBC}") = "Api", "Api\Api.csproj", "{A7F8F9A2-BEF4-4876-A856-E52C2308ADE8}"
EndProject
Project("{FAE04EC0-301F-11D3-BF4B-00C04F79EFBC}") = "Application", "Application\Application.csproj", "{E8BC9F7A-2406-4E4F-8968-9ECD48A16BAF}"
EndProject
Project("{FAE04EC0-301F-11D3-BF4B-00C04F79EFBC}") = "Contracts", "Contracts\Contracts.csproj", "{6059A4C1-7C7B-4B8E-AB27-4675193ECA7E}"
EndProject
Project("{FAE04EC0-301F-11D3-BF4B-00C04F79EFBC}") = "Domain", "Domain\Domain.csproj", "{BE60CD80-222F-468C-B792-322B27C00FE4}"
EndProject
Project("{FAE04EC0-301F-11D3-BF4B-00C04F79EFBC}") = "Infrastructure", "Infrastructure\Infrastructure.csproj", "{A8EFE43E-1954-422F-855C-482FE810E0BD}"
EndProject
Global
	GlobalSection(SolutionConfigurationPlatforms) = preSolution
		Debug|Any CPU = Debug|Any CPU
		Release|Any CPU = Release|Any CPU
	EndGlobalSection
	GlobalSection(SolutionProperties) = preSolution
		HideSolutionNode = FALSE
	EndGlobalSection
	GlobalSection(ProjectConfigurationPlatforms) = postSolution
		{A7F8F9A2-BEF4-4876-A856-E52C2308ADE8}.Debug|Any CPU.ActiveCfg = Debug|Any CPU
		{A7F8F9A2-BEF4-4876-A856-E52C2308ADE8}.Debug|Any CPU.Build.0 = Debug|Any CPU
		{A7F8F9A2-BEF4-4876-A856-E52C2308ADE8}.Release|Any CPU.ActiveCfg = Release|Any CPU
		{A7F8F9A2-BEF4-4876-A856-E52C2308ADE8}.Release|Any CPU.Build.0 = Release|Any CPU
		{E8BC9F7A-2406-4E4F-8968-9ECD48A16BAF}.Debug|Any CPU.ActiveCfg = Debug|Any CPU
		{E8BC9F7A-2406-4E4F-8968-9ECD48A16BAF}.Debug|Any CPU.Build.0 = Debug|Any CPU
		{E8BC9F7A-2406-4E4F-8968-9ECD48A16BAF}.Release|Any CPU.ActiveCfg = Release|Any CPU
		{E8BC9F7A-2406-4E4F-8968-9ECD48A16BAF}.Release|Any CPU.Build.0 = Release|Any CPU
		{6059A4C1-7C7B-4B8E-AB27-4675193ECA7E}.Debug|Any CPU.ActiveCfg = Debug|Any CPU
		{6059A4C1-7C7B-4B8E-AB27-4675193ECA7E}.Debug|Any CPU.Build.0 = Debug|Any CPU
		{6059A4C1-7C7B-4B8E-AB27-4675193ECA7E}.Release|Any CPU.ActiveCfg = Release|Any CPU
		{6059A4C1-7C7B-4B8E-AB27-4675193ECA7E}.Release|Any CPU.Build.0 = Release|Any CPU
		{BE60CD80-222F-468C-B792-322B27C00FE4}.Debug|Any CPU.ActiveCfg = Debug|Any CPU
		{BE60CD80-222F-468C-B792-322B27C00FE4}.Debug|Any CPU.Build.0 = Debug|Any CPU
		{BE60CD80-222F-468C-B792-322B27C00FE4}.Release|Any CPU.ActiveCfg = Release|Any CPU
		{BE60CD80-222F-468C-B792-322B27C00FE4}.Release|Any CPU.Build.0 = Release|Any CPU
		{A8EFE43E-1954-422F-855C-482FE810E0BD}.Debug|Any CPU.ActiveCfg = Debug|Any CPU
		{A8EFE43E-1954-422F-855C-482FE810E0BD}.Debug|Any CPU.Build.0 = Debug|Any CPU
		{A8EFE43E-1954-422F-855C-482FE810E0BD}.Release|Any CPU.ActiveCfg = Release|Any CPU
		{A8EFE43E-1954-422F-855C-482FE810E0BD}.Release|Any CPU.Build.0 = Release|Any CPU
	EndGlobalSection
EndGlobal
